
Microsoft Visual Studio Solution File, Format Version 12.00
# Visual Studio Version 17
VisualStudioVersion = 17.12.35527.113 d17.12
MinimumVisualStudioVersion = 10.0.40219.1
Project("{FAE04EC0-301F-11D3-BF4B-00C04F79EFBC}") = "MvcMovie", "MvcMovie\MvcMovie.csproj", "{B45035C4-3D70-4C03-BC17-971D70787B49}"
EndProject
Global
	GlobalSection(SolutionConfigurationPlatforms) = preSolution
		Debug|Any CPU = Debug|Any CPU
		Release|Any CPU = Release|Any CPU
	EndGlobalSection
	GlobalSection(ProjectConfigurationPlatforms) = postSolution
		{B45035C4-3D70-4C03-BC17-971D70787B49}.Debug|Any CPU.ActiveCfg = Debug|Any CPU
		{B45035C4-3D70-4C03-BC17-971D70787B49}.Debug|Any CPU.Build.0 = Debug|Any CPU
		{B45035C4-3D70-4C03-BC17-971D70787B49}.Release|Any CPU.ActiveCfg = Release|Any CPU
		{B45035C4-3D70-4C03-BC17-971D70787B49}.Release|Any CPU.Build.0 = Release|Any CPU
	EndGlobalSection
	GlobalSection(SolutionProperties) = preSolution
		HideSolutionNode = FALSE
	EndGlobalSection
EndGlobal
